{
  "lockfileVersion": 1,
  "configVersion": 1,
  "workspaces": {
    "": {
      "name": "opencode-tmux-alert",
      "dependencies": {
        "@opencode-ai/plugin": "^1.2.10",
      },
      "devDependencies": {
        "@types/node": "^22.0.0",
        "typescript": "^5.7.0",
      },
    },
  },
  "packages": {
    "@opencode-ai/plugin": ["@opencode-ai/plugin@1.2.11", "", { "dependencies": { "@opencode-ai/sdk": "1.2.11", "zod": "4.1.8" } }, "sha512-84yjouG21IknKXjoygRPy/2Owm2WiEZPwfXDbdYtzzOqFAR8MDj6rz9RU/JqoJMXY/s/0oaEtR5Si3OV5Yo6kg=="],

    "@opencode-ai/sdk": ["@opencode-ai/sdk@1.2.11", "", {}, "sha512-oXSgZCa+66IL9AIWYT8yKZZJOSjEZpLGWue64RD/nWj1EFMHJVPldm4QFQr1nIPd43zl1Bli1mBV2KNuA+bsiA=="],

    "@types/node": ["@types/node@22.19.11", "", { "dependencies": { "undici-types": "~6.21.0" } }, "sha512-BH7YwL6rA93ReqeQS1c4bsPpcfOmJasG+Fkr6Y59q83f9M1WcBRHR2vM+P9eOisYRcN3ujQoiZY8uk5W+1WL8w=="],

    "typescript": ["typescript@5.9.3", "", { "bin": { "tsc": "bin/tsc", "tsserver": "bin/tsserver" } }, "sha512-jl1vZzPDinLr9eUt3J/t7V6FgNEw9QjvBPdysz9KfQDD41fQrC2Y4vKQdiaUpFT4bXlb1RHhLpp8wtm6M5TgSw=="],

    "undici-types": ["undici-types@6.21.0", "", {}, "sha512-iwDZqg0QAGrg9Rav5H4n0M64c3mkR59cJ6wQp+7C4nI0gsmExaedaYLNO44eT4AtBBwjbTiGPMlt2Md0T9H9JQ=="],

    "zod": ["zod@4.1.8", "", {}, "sha512-5R1P+WwQqmmMIEACyzSvo4JXHY5WiAFHRMg+zBZKgKS+Q1viRa0C1hmUKtHltoIFKtIdki3pRxkmpP74jnNYHQ=="],
  }
}
